
Microsoft Visual Studio Solution File, Format Version 12.00
Project("{FAE04EC0-301F-11D3-BF4B-00C04F79EFBC}") = "Domain", "Domain\Domain.csproj", "{15FCB234-C460-4F27-83BC-54342501862F}"
EndProject
Project("{FAE04EC0-301F-11D3-BF4B-00C04F79EFBC}") = "Application", "Application\Application.csproj", "{BC6BB9A5-D61E-4652-BB75-99CE3A59B2A6}"
EndProject
Project("{FAE04EC0-301F-11D3-BF4B-00C04F79EFBC}") = "Infrastructure.Security", "Infrastructure.Security\Infrastructure.Security.csproj", "{3C1533B3-4C0D-414B-B771-840B31B14B8C}"
EndProject
Project("{FAE04EC0-301F-11D3-BF4B-00C04F79EFBC}") = "Tests.Unit", "Tests.Unit\Tests.Unit.csproj", "{4B484D99-EABF-433E-B24A-78378D950044}"
EndProject
Project("{FAE04EC0-301F-11D3-BF4B-00C04F79EFBC}") = "Tests.Integration", "Tests.Integration\Tests.Integration.csproj", "{C1006C5F-4DEF-4265-BECC-D6C12F8AF27C}"
EndProject
Project("{FAE04EC0-301F-11D3-BF4B-00C04F79EFBC}") = "Infrastructure.Storage", "Infrastructure.Storage\Infrastructure.Storage.csproj", "{8077F2C5-5055-404E-B65A-45D8171A96E6}"
EndProject
Project("{FAE04EC0-301F-11D3-BF4B-00C04F79EFBC}") = "Services", "Services\Services.csproj", "{D7322042-70BC-4674-B393-CE1334288F81}"
EndProject
Project("{FAE04EC0-301F-11D3-BF4B-00C04F79EFBC}") = "Migrator", "Migrator\Migrator.csproj", "{960A2642-B4F0-4695-A973-6A3D3B0372A7}"
EndProject
Project("{FAE04EC0-301F-11D3-BF4B-00C04F79EFBC}") = "Worker", "Worker\Worker.csproj", "{081B78DF-8D41-4A42-B499-11F15C57D680}"
EndProject
Global
	GlobalSection(SolutionConfigurationPlatforms) = preSolution
		Debug|Any CPU = Debug|Any CPU
		Debug|x64 = Debug|x64
		Debug|x86 = Debug|x86
		Release|Any CPU = Release|Any CPU
		Release|x64 = Release|x64
		Release|x86 = Release|x86
	EndGlobalSection
	GlobalSection(ProjectConfigurationPlatforms) = postSolution
		{15FCB234-C460-4F27-83BC-54342501862F}.Debug|Any CPU.ActiveCfg = Debug|Any CPU
		{15FCB234-C460-4F27-83BC-54342501862F}.Debug|Any CPU.Build.0 = Debug|Any CPU
		{15FCB234-C460-4F27-83BC-54342501862F}.Debug|x64.ActiveCfg = Debug|Any CPU
		{15FCB234-C460-4F27-83BC-54342501862F}.Debug|x64.Build.0 = Debug|Any CPU
		{15FCB234-C460-4F27-83BC-54342501862F}.Debug|x86.ActiveCfg = Debug|Any CPU
		{15FCB234-C460-4F27-83BC-54342501862F}.Debug|x86.Build.0 = Debug|Any CPU
		{15FCB234-C460-4F27-83BC-54342501862F}.Release|Any CPU.ActiveCfg = Release|Any CPU
		{15FCB234-C460-4F27-83BC-54342501862F}.Release|Any CPU.Build.0 = Release|Any CPU
		{15FCB234-C460-4F27-83BC-54342501862F}.Release|x64.ActiveCfg = Release|Any CPU
		{15FCB234-C460-4F27-83BC-54342501862F}.Release|x64.Build.0 = Release|Any CPU
		{15FCB234-C460-4F27-83BC-54342501862F}.Release|x86.ActiveCfg = Release|Any CPU
		{15FCB234-C460-4F27-83BC-54342501862F}.Release|x86.Build.0 = Release|Any CPU
		{BC6BB9A5-D61E-4652-BB75-99CE3A59B2A6}.Debug|Any CPU.ActiveCfg = Debug|Any CPU
		{BC6BB9A5-D61E-4652-BB75-99CE3A59B2A6}.Debug|Any CPU.Build.0 = Debug|Any CPU
		{BC6BB9A5-D61E-4652-BB75-99CE3A59B2A6}.Debug|x64.ActiveCfg = Debug|Any CPU
		{BC6BB9A5-D61E-4652-BB75-99CE3A59B2A6}.Debug|x64.Build.0 = Debug|Any CPU
		{BC6BB9A5-D61E-4652-BB75-99CE3A59B2A6}.Debug|x86.ActiveCfg = Debug|Any CPU
		{BC6BB9A5-D61E-4652-BB75-99CE3A59B2A6}.Debug|x86.Build.0 = Debug|Any CPU
		{BC6BB9A5-D61E-4652-BB75-99CE3A59B2A6}.Release|Any CPU.ActiveCfg = Release|Any CPU
		{BC6BB9A5-D61E-4652-BB75-99CE3A59B2A6}.Release|Any CPU.Build.0 = Release|Any CPU
		{BC6BB9A5-D61E-4652-BB75-99CE3A59B2A6}.Release|x64.ActiveCfg = Release|Any CPU
		{BC6BB9A5-D61E-4652-BB75-99CE3A59B2A6}.Release|x64.Build.0 = Release|Any CPU
		{BC6BB9A5-D61E-4652-BB75-99CE3A59B2A6}.Release|x86.ActiveCfg = Release|Any CPU
		{BC6BB9A5-D61E-4652-BB75-99CE3A59B2A6}.Release|x86.Build.0 = Release|Any CPU
		{3C1533B3-4C0D-414B-B771-840B31B14B8C}.Debug|Any CPU.ActiveCfg = Debug|Any CPU
		{3C1533B3-4C0D-414B-B771-840B31B14B8C}.Debug|Any CPU.Build.0 = Debug|Any CPU
		{3C1533B3-4C0D-414B-B771-840B31B14B8C}.Debug|x64.ActiveCfg = Debug|Any CPU
		{3C1533B3-4C0D-414B-B771-840B31B14B8C}.Debug|x64.Build.0 = Debug|Any CPU
		{3C1533B3-4C0D-414B-B771-840B31B14B8C}.Debug|x86.ActiveCfg = Debug|Any CPU
		{3C1533B3-4C0D-414B-B771-840B31B14B8C}.Debug|x86.Build.0 = Debug|Any CPU
		{3C1533B3-4C0D-414B-B771-840B31B14B8C}.Release|Any CPU.ActiveCfg = Release|Any CPU
		{3C1533B3-4C0D-414B-B771-840B31B14B8C}.Release|Any CPU.Build.0 = Release|Any CPU
		{3C1533B3-4C0D-414B-B771-840B31B14B8C}.Release|x64.ActiveCfg = Release|Any CPU
		{3C1533B3-4C0D-414B-B771-840B31B14B8C}.Release|x64.Build.0 = Release|Any CPU
		{3C1533B3-4C0D-414B-B771-840B31B14B8C}.Release|x86.ActiveCfg = Release|Any CPU
		{3C1533B3-4C0D-414B-B771-840B31B14B8C}.Release|x86.Build.0 = Release|Any CPU
		{4B484D99-EABF-433E-B24A-78378D950044}.Debug|Any CPU.ActiveCfg = Debug|Any CPU
		{4B484D99-EABF-433E-B24A-78378D950044}.Debug|Any CPU.Build.0 = Debug|Any CPU
		{4B484D99-EABF-433E-B24A-78378D950044}.Debug|x64.ActiveCfg = Debug|Any CPU
		{4B484D99-EABF-433E-B24A-78378D950044}.Debug|x64.Build.0 = Debug|Any CPU
		{4B484D99-EABF-433E-B24A-78378D950044}.Debug|x86.ActiveCfg = Debug|Any CPU
		{4B484D99-EABF-433E-B24A-78378D950044}.Debug|x86.Build.0 = Debug|Any CPU
		{4B484D99-EABF-433E-B24A-78378D950044}.Release|Any CPU.ActiveCfg = Release|Any CPU
		{4B484D99-EABF-433E-B24A-78378D950044}.Release|Any CPU.Build.0 = Release|Any CPU
		{4B484D99-EABF-433E-B24A-78378D950044}.Release|x64.ActiveCfg = Release|Any CPU
		{4B484D99-EABF-433E-B24A-78378D950044}.Release|x64.Build.0 = Release|Any CPU
		{4B484D99-EABF-433E-B24A-78378D950044}.Release|x86.ActiveCfg = Release|Any CPU
		{4B484D99-EABF-433E-B24A-78378D950044}.Release|x86.Build.0 = Release|Any CPU
		{C1006C5F-4DEF-4265-BECC-D6C12F8AF27C}.Debug|Any CPU.ActiveCfg = Debug|Any CPU
		{C1006C5F-4DEF-4265-BECC-D6C12F8AF27C}.Debug|Any CPU.Build.0 = Debug|Any CPU
		{C1006C5F-4DEF-4265-BECC-D6C12F8AF27C}.Debug|x64.ActiveCfg = Debug|Any CPU
		{C1006C5F-4DEF-4265-BECC-D6C12F8AF27C}.Debug|x64.Build.0 = Debug|Any CPU
		{C1006C5F-4DEF-4265-BECC-D6C12F8AF27C}.Debug|x86.ActiveCfg = Debug|Any CPU
		{C1006C5F-4DEF-4265-BECC-D6C12F8AF27C}.Debug|x86.Build.0 = Debug|Any CPU
		{C1006C5F-4DEF-4265-BECC-D6C12F8AF27C}.Release|Any CPU.ActiveCfg = Release|Any CPU
		{C1006C5F-4DEF-4265-BECC-D6C12F8AF27C}.Release|Any CPU.Build.0 = Release|Any CPU
		{C1006C5F-4DEF-4265-BECC-D6C12F8AF27C}.Release|x64.ActiveCfg = Release|Any CPU
		{C1006C5F-4DEF-4265-BECC-D6C12F8AF27C}.Release|x64.Build.0 = Release|Any CPU
		{C1006C5F-4DEF-4265-BECC-D6C12F8AF27C}.Release|x86.ActiveCfg = Release|Any CPU
		{C1006C5F-4DEF-4265-BECC-D6C12F8AF27C}.Release|x86.Build.0 = Release|Any CPU
		{8077F2C5-5055-404E-B65A-45D8171A96E6}.Debug|Any CPU.ActiveCfg = Debug|Any CPU
		{8077F2C5-5055-404E-B65A-45D8171A96E6}.Debug|Any CPU.Build.0 = Debug|Any CPU
		{8077F2C5-5055-404E-B65A-45D8171A96E6}.Debug|x64.ActiveCfg = Debug|Any CPU
		{8077F2C5-5055-404E-B65A-45D8171A96E6}.Debug|x64.Build.0 = Debug|Any CPU
		{8077F2C5-5055-404E-B65A-45D8171A96E6}.Debug|x86.ActiveCfg = Debug|Any CPU
		{8077F2C5-5055-404E-B65A-45D8171A96E6}.Debug|x86.Build.0 = Debug|Any CPU
		{8077F2C5-5055-404E-B65A-45D8171A96E6}.Release|Any CPU.ActiveCfg = Release|Any CPU
		{8077F2C5-5055-404E-B65A-45D8171A96E6}.Release|Any CPU.Build.0 = Release|Any CPU
		{8077F2C5-5055-404E-B65A-45D8171A96E6}.Release|x64.ActiveCfg = Release|Any CPU
		{8077F2C5-5055-404E-B65A-45D8171A96E6}.Release|x64.Build.0 = Release|Any CPU
		{8077F2C5-5055-404E-B65A-45D8171A96E6}.Release|x86.ActiveCfg = Release|Any CPU
		{8077F2C5-5055-404E-B65A-45D8171A96E6}.Release|x86.Build.0 = Release|Any CPU
		{D7322042-70BC-4674-B393-CE1334288F81}.Debug|Any CPU.ActiveCfg = Debug|Any CPU
		{D7322042-70BC-4674-B393-CE1334288F81}.Debug|Any CPU.Build.0 = Debug|Any CPU
		{D7322042-70BC-4674-B393-CE1334288F81}.Debug|x64.ActiveCfg = Debug|Any CPU
		{D7322042-70BC-4674-B393-CE1334288F81}.Debug|x64.Build.0 = Debug|Any CPU
		{D7322042-70BC-4674-B393-CE1334288F81}.Debug|x86.ActiveCfg = Debug|Any CPU
		{D7322042-70BC-4674-B393-CE1334288F81}.Debug|x86.Build.0 = Debug|Any CPU
		{D7322042-70BC-4674-B393-CE1334288F81}.Release|Any CPU.ActiveCfg = Release|Any CPU
		{D7322042-70BC-4674-B393-CE1334288F81}.Release|Any CPU.Build.0 = Release|Any CPU
		{D7322042-70BC-4674-B393-CE1334288F81}.Release|x64.ActiveCfg = Release|Any CPU
		{D7322042-70BC-4674-B393-CE1334288F81}.Release|x64.Build.0 = Release|Any CPU
		{D7322042-70BC-4674-B393-CE1334288F81}.Release|x86.ActiveCfg = Release|Any CPU
		{D7322042-70BC-4674-B393-CE1334288F81}.Release|x86.Build.0 = Release|Any CPU
		{960A2642-B4F0-4695-A973-6A3D3B0372A7}.Debug|Any CPU.ActiveCfg = Debug|Any CPU
		{960A2642-B4F0-4695-A973-6A3D3B0372A7}.Debug|Any CPU.Build.0 = Debug|Any CPU
		{960A2642-B4F0-4695-A973-6A3D3B0372A7}.Debug|x64.ActiveCfg = Debug|Any CPU
		{960A2642-B4F0-4695-A973-6A3D3B0372A7}.Debug|x64.Build.0 = Debug|Any CPU
		{960A2642-B4F0-4695-A973-6A3D3B0372A7}.Debug|x86.ActiveCfg = Debug|Any CPU
		{960A2642-B4F0-4695-A973-6A3D3B0372A7}.Debug|x86.Build.0 = Debug|Any CPU
		{960A2642-B4F0-4695-A973-6A3D3B0372A7}.Release|Any CPU.ActiveCfg = Release|Any CPU
		{960A2642-B4F0-4695-A973-6A3D3B0372A7}.Release|Any CPU.Build.0 = Release|Any CPU
		{960A2642-B4F0-4695-A973-6A3D3B0372A7}.Release|x64.ActiveCfg = Release|Any CPU
		{960A2642-B4F0-4695-A973-6A3D3B0372A7}.Release|x64.Build.0 = Release|Any CPU
		{960A2642-B4F0-4695-A973-6A3D3B0372A7}.Release|x86.ActiveCfg = Release|Any CPU
		{960A2642-B4F0-4695-A973-6A3D3B0372A7}.Release|x86.Build.0 = Release|Any CPU
		{081B78DF-8D41-4A42-B499-11F15C57D680}.Debug|Any CPU.ActiveCfg = Debug|Any CPU
		{081B78DF-8D41-4A42-B499-11F15C57D680}.Debug|Any CPU.Build.0 = Debug|Any CPU
		{081B78DF-8D41-4A42-B499-11F15C57D680}.Debug|x64.ActiveCfg = Debug|Any CPU
		{081B78DF-8D41-4A42-B499-11F15C57D680}.Debug|x64.Build.0 = Debug|Any CPU
		{081B78DF-8D41-4A42-B499-11F15C57D680}.Debug|x86.ActiveCfg = Debug|Any CPU
		{081B78DF-8D41-4A42-B499-11F15C57D680}.Debug|x86.Build.0 = Debug|Any CPU
		{081B78DF-8D41-4A42-B499-11F15C57D680}.Release|Any CPU.ActiveCfg = Release|Any CPU
		{081B78DF-8D41-4A42-B499-11F15C57D680}.Release|Any CPU.Build.0 = Release|Any CPU
		{081B78DF-8D41-4A42-B499-11F15C57D680}.Release|x64.ActiveCfg = Release|Any CPU
		{081B78DF-8D41-4A42-B499-11F15C57D680}.Release|x64.Build.0 = Release|Any CPU
		{081B78DF-8D41-4A42-B499-11F15C57D680}.Release|x86.ActiveCfg = Release|Any CPU
		{081B78DF-8D41-4A42-B499-11F15C57D680}.Release|x86.Build.0 = Release|Any CPU
	EndGlobalSection
	GlobalSection(SolutionProperties) = preSolution
		HideSolutionNode = FALSE
	EndGlobalSection
EndGlobal
